
Microsoft Visual Studio Solution File, Format Version 12.00
# Visual Studio Version 16
VisualStudioVersion = 16.0.31515.178
MinimumVisualStudioVersion = 10.0.40219.1
Project("{888888A0-9F3D-457C-B088-3A5042F75D52}") = "News", "News\News.pyproj", "{909EA1FA-9F26-4466-B1DF-7189D4400C34}"
EndProject
Global
	GlobalSection(SolutionConfigurationPlatforms) = preSolution
		Debug|Any CPU = Debug|Any CPU
		Release|Any CPU = Release|Any CPU
	EndGlobalSection
	GlobalSection(ProjectConfigurationPlatforms) = postSolution
		{909EA1FA-9F26-4466-B1DF-7189D4400C34}.Debug|Any CPU.ActiveCfg = Debug|Any CPU
		{909EA1FA-9F26-4466-B1DF-7189D4400C34}.Debug|Any CPU.Build.0 = Debug|Any CPU
		{909EA1FA-9F26-4466-B1DF-7189D4400C34}.Release|Any CPU.ActiveCfg = Release|Any CPU
		{909EA1FA-9F26-4466-B1DF-7189D4400C34}.Release|Any CPU.Build.0 = Release|Any CPU
	EndGlobalSection
	GlobalSection(SolutionProperties) = preSolution
		HideSolutionNode = FALSE
	EndGlobalSection
	GlobalSection(ExtensibilityGlobals) = postSolution
		SolutionGuid = {C2D7F194-2237-4A4E-BF72-90E9DCC1A867}
	EndGlobalSection
EndGlobal
